
Microsoft Visual Studio Solution File, Format Version 12.00
# Visual Studio 15
VisualStudioVersion = 15.0.28307.329
MinimumVisualStudioVersion = 10.0.40219.1
Project("{8BC9CEB8-8B4A-11D0-8D11-00A0C91BC942}") = "ds_linear_search", "ds_linear_search\ds_linear_search.vcxproj", "{A34A7BB0-FDEE-44C3-BAD8-D326E3F9D557}"
EndProject
Global
	GlobalSection(SolutionConfigurationPlatforms) = preSolution
		Debug|x64 = Debug|x64
		Debug|x86 = Debug|x86
		Release|x64 = Release|x64
		Release|x86 = Release|x86
	EndGlobalSection
	GlobalSection(ProjectConfigurationPlatforms) = postSolution
		{A34A7BB0-FDEE-44C3-BAD8-D326E3F9D557}.Debug|x64.ActiveCfg = Debug|x64
		{A34A7BB0-FDEE-44C3-BAD8-D326E3F9D557}.Debug|x64.Build.0 = Debug|x64
		{A34A7BB0-FDEE-44C3-BAD8-D326E3F9D557}.Debug|x86.ActiveCfg = Debug|Win32
		{A34A7BB0-FDEE-44C3-BAD8-D326E3F9D557}.Debug|x86.Build.0 = Debug|Win32
		{A34A7BB0-FDEE-44C3-BAD8-D326E3F9D557}.Release|x64.ActiveCfg = Release|x64
		{A34A7BB0-FDEE-44C3-BAD8-D326E3F9D557}.Release|x64.Build.0 = Release|x64
		{A34A7BB0-FDEE-44C3-BAD8-D326E3F9D557}.Release|x86.ActiveCfg = Release|Win32
		{A34A7BB0-FDEE-44C3-BAD8-D326E3F9D557}.Release|x86.Build.0 = Release|Win32
	EndGlobalSection
	GlobalSection(SolutionProperties) = preSolution
		HideSolutionNode = FALSE
	EndGlobalSection
	GlobalSection(ExtensibilityGlobals) = postSolution
		SolutionGuid = {60506E74-FFDE-4387-8C0A-E8A4523BFC9B}
	EndGlobalSection
EndGlobal
