
Microsoft Visual Studio Solution File, Format Version 12.00
# Visual Studio 15
VisualStudioVersion = 15.0.28307.329
MinimumVisualStudioVersion = 10.0.40219.1
Project("{8BC9CEB8-8B4A-11D0-8D11-00A0C91BC942}") = "Polar_Coordinates_1", "Polar_Coordinates_1\Polar_Coordinates_1.vcxproj", "{AD2039E6-48AC-4DCE-926C-265528D2E122}"
EndProject
Project("{8BC9CEB8-8B4A-11D0-8D11-00A0C91BC942}") = "Student_Overload", "Student_Overload\Student_Overload.vcxproj", "{AA7786C8-E994-45FE-A7E0-CB97E05AD9A6}"
EndProject
Project("{8BC9CEB8-8B4A-11D0-8D11-00A0C91BC942}") = "Employee_Overload", "Employee_Overload\Employee_Overload.vcxproj", "{BEDD2F7D-1AF6-44B5-A86C-665578000F85}"
EndProject
Project("{8BC9CEB8-8B4A-11D0-8D11-00A0C91BC942}") = "Complex_Overload", "Complex_Overload\Complex_Overload.vcxproj", "{BF7C09FD-7E5E-4321-81EF-EA6FD8DFF78B}"
EndProject
Project("{8BC9CEB8-8B4A-11D0-8D11-00A0C91BC942}") = "String_Overload", "String_Overload\String_Overload.vcxproj", "{81FBA0D6-53AE-4DA1-AC4A-2740A759770D}"
EndProject
Project("{8BC9CEB8-8B4A-11D0-8D11-00A0C91BC942}") = "Copy_Constructor", "Copy_Constructor\Copy_Constructor.vcxproj", "{31FB0363-71A1-4BDB-B76D-5A7CA0207BCC}"
EndProject
Global
	GlobalSection(SolutionConfigurationPlatforms) = preSolution
		Debug|x64 = Debug|x64
		Debug|x86 = Debug|x86
		Release|x64 = Release|x64
		Release|x86 = Release|x86
	EndGlobalSection
	GlobalSection(ProjectConfigurationPlatforms) = postSolution
		{AD2039E6-48AC-4DCE-926C-265528D2E122}.Debug|x64.ActiveCfg = Debug|x64
		{AD2039E6-48AC-4DCE-926C-265528D2E122}.Debug|x64.Build.0 = Debug|x64
		{AD2039E6-48AC-4DCE-926C-265528D2E122}.Debug|x86.ActiveCfg = Debug|Win32
		{AD2039E6-48AC-4DCE-926C-265528D2E122}.Debug|x86.Build.0 = Debug|Win32
		{AD2039E6-48AC-4DCE-926C-265528D2E122}.Release|x64.ActiveCfg = Release|x64
		{AD2039E6-48AC-4DCE-926C-265528D2E122}.Release|x64.Build.0 = Release|x64
		{AD2039E6-48AC-4DCE-926C-265528D2E122}.Release|x86.ActiveCfg = Release|Win32
		{AD2039E6-48AC-4DCE-926C-265528D2E122}.Release|x86.Build.0 = Release|Win32
		{AA7786C8-E994-45FE-A7E0-CB97E05AD9A6}.Debug|x64.ActiveCfg = Debug|x64
		{AA7786C8-E994-45FE-A7E0-CB97E05AD9A6}.Debug|x64.Build.0 = Debug|x64
		{AA7786C8-E994-45FE-A7E0-CB97E05AD9A6}.Debug|x86.ActiveCfg = Debug|Win32
		{AA7786C8-E994-45FE-A7E0-CB97E05AD9A6}.Debug|x86.Build.0 = Debug|Win32
		{AA7786C8-E994-45FE-A7E0-CB97E05AD9A6}.Release|x64.ActiveCfg = Release|x64
		{AA7786C8-E994-45FE-A7E0-CB97E05AD9A6}.Release|x64.Build.0 = Release|x64
		{AA7786C8-E994-45FE-A7E0-CB97E05AD9A6}.Release|x86.ActiveCfg = Release|Win32
		{AA7786C8-E994-45FE-A7E0-CB97E05AD9A6}.Release|x86.Build.0 = Release|Win32
		{BEDD2F7D-1AF6-44B5-A86C-665578000F85}.Debug|x64.ActiveCfg = Debug|x64
		{BEDD2F7D-1AF6-44B5-A86C-665578000F85}.Debug|x64.Build.0 = Debug|x64
		{BEDD2F7D-1AF6-44B5-A86C-665578000F85}.Debug|x86.ActiveCfg = Debug|Win32
		{BEDD2F7D-1AF6-44B5-A86C-665578000F85}.Debug|x86.Build.0 = Debug|Win32
		{BEDD2F7D-1AF6-44B5-A86C-665578000F85}.Release|x64.ActiveCfg = Release|x64
		{BEDD2F7D-1AF6-44B5-A86C-665578000F85}.Release|x64.Build.0 = Release|x64
		{BEDD2F7D-1AF6-44B5-A86C-665578000F85}.Release|x86.ActiveCfg = Release|Win32
		{BEDD2F7D-1AF6-44B5-A86C-665578000F85}.Release|x86.Build.0 = Release|Win32
		{BF7C09FD-7E5E-4321-81EF-EA6FD8DFF78B}.Debug|x64.ActiveCfg = Debug|x64
		{BF7C09FD-7E5E-4321-81EF-EA6FD8DFF78B}.Debug|x64.Build.0 = Debug|x64
		{BF7C09FD-7E5E-4321-81EF-EA6FD8DFF78B}.Debug|x86.ActiveCfg = Debug|Win32
		{BF7C09FD-7E5E-4321-81EF-EA6FD8DFF78B}.Debug|x86.Build.0 = Debug|Win32
		{BF7C09FD-7E5E-4321-81EF-EA6FD8DFF78B}.Release|x64.ActiveCfg = Release|x64
		{BF7C09FD-7E5E-4321-81EF-EA6FD8DFF78B}.Release|x64.Build.0 = Release|x64
		{BF7C09FD-7E5E-4321-81EF-EA6FD8DFF78B}.Release|x86.ActiveCfg = Release|Win32
		{BF7C09FD-7E5E-4321-81EF-EA6FD8DFF78B}.Release|x86.Build.0 = Release|Win32
		{81FBA0D6-53AE-4DA1-AC4A-2740A759770D}.Debug|x64.ActiveCfg = Debug|x64
		{81FBA0D6-53AE-4DA1-AC4A-2740A759770D}.Debug|x64.Build.0 = Debug|x64
		{81FBA0D6-53AE-4DA1-AC4A-2740A759770D}.Debug|x86.ActiveCfg = Debug|Win32
		{81FBA0D6-53AE-4DA1-AC4A-2740A759770D}.Debug|x86.Build.0 = Debug|Win32
		{81FBA0D6-53AE-4DA1-AC4A-2740A759770D}.Release|x64.ActiveCfg = Release|x64
		{81FBA0D6-53AE-4DA1-AC4A-2740A759770D}.Release|x64.Build.0 = Release|x64
		{81FBA0D6-53AE-4DA1-AC4A-2740A759770D}.Release|x86.ActiveCfg = Release|Win32
		{81FBA0D6-53AE-4DA1-AC4A-2740A759770D}.Release|x86.Build.0 = Release|Win32
		{31FB0363-71A1-4BDB-B76D-5A7CA0207BCC}.Debug|x64.ActiveCfg = Debug|x64
		{31FB0363-71A1-4BDB-B76D-5A7CA0207BCC}.Debug|x64.Build.0 = Debug|x64
		{31FB0363-71A1-4BDB-B76D-5A7CA0207BCC}.Debug|x86.ActiveCfg = Debug|Win32
		{31FB0363-71A1-4BDB-B76D-5A7CA0207BCC}.Debug|x86.Build.0 = Debug|Win32
		{31FB0363-71A1-4BDB-B76D-5A7CA0207BCC}.Release|x64.ActiveCfg = Release|x64
		{31FB0363-71A1-4BDB-B76D-5A7CA0207BCC}.Release|x64.Build.0 = Release|x64
		{31FB0363-71A1-4BDB-B76D-5A7CA0207BCC}.Release|x86.ActiveCfg = Release|Win32
		{31FB0363-71A1-4BDB-B76D-5A7CA0207BCC}.Release|x86.Build.0 = Release|Win32
	EndGlobalSection
	GlobalSection(SolutionProperties) = preSolution
		HideSolutionNode = FALSE
	EndGlobalSection
	GlobalSection(ExtensibilityGlobals) = postSolution
		SolutionGuid = {09DF630E-D1FB-48E1-B588-098B9DAB42BE}
	EndGlobalSection
EndGlobal
