
Microsoft Visual Studio Solution File, Format Version 12.00
# Visual Studio 15
VisualStudioVersion = 15.0.28307.329
MinimumVisualStudioVersion = 10.0.40219.1
Project("{8BC9CEB8-8B4A-11D0-8D11-00A0C91BC942}") = "Dequeue", "Dequeue\Dequeue.vcxproj", "{CC9C709E-03F2-442F-A074-AC294C6C5A82}"
EndProject
Project("{8BC9CEB8-8B4A-11D0-8D11-00A0C91BC942}") = "Matrix_Class", "Matrix_Class\Matrix_Class.vcxproj", "{CA5B520B-DB0D-4CFB-BA00-9487223BF2C7}"
EndProject
Project("{8BC9CEB8-8B4A-11D0-8D11-00A0C91BC942}") = "Student_abs", "Student_abs\Student_abs.vcxproj", "{B7BDFD88-97E1-43FB-A985-8227ADEF1DD4}"
EndProject
Project("{8BC9CEB8-8B4A-11D0-8D11-00A0C91BC942}") = "Polygon", "Polygon\Polygon.vcxproj", "{B562892F-3C1B-440E-9ABC-04D3078EE8B3}"
EndProject
Project("{8BC9CEB8-8B4A-11D0-8D11-00A0C91BC942}") = "University", "University\University.vcxproj", "{60EF12B2-E2BC-4B8A-9A85-A02DA10FF2C4}"
EndProject
Global
	GlobalSection(SolutionConfigurationPlatforms) = preSolution
		Debug|x64 = Debug|x64
		Debug|x86 = Debug|x86
		Release|x64 = Release|x64
		Release|x86 = Release|x86
	EndGlobalSection
	GlobalSection(ProjectConfigurationPlatforms) = postSolution
		{CC9C709E-03F2-442F-A074-AC294C6C5A82}.Debug|x64.ActiveCfg = Debug|x64
		{CC9C709E-03F2-442F-A074-AC294C6C5A82}.Debug|x64.Build.0 = Debug|x64
		{CC9C709E-03F2-442F-A074-AC294C6C5A82}.Debug|x86.ActiveCfg = Debug|Win32
		{CC9C709E-03F2-442F-A074-AC294C6C5A82}.Debug|x86.Build.0 = Debug|Win32
		{CC9C709E-03F2-442F-A074-AC294C6C5A82}.Release|x64.ActiveCfg = Release|x64
		{CC9C709E-03F2-442F-A074-AC294C6C5A82}.Release|x64.Build.0 = Release|x64
		{CC9C709E-03F2-442F-A074-AC294C6C5A82}.Release|x86.ActiveCfg = Release|Win32
		{CC9C709E-03F2-442F-A074-AC294C6C5A82}.Release|x86.Build.0 = Release|Win32
		{CA5B520B-DB0D-4CFB-BA00-9487223BF2C7}.Debug|x64.ActiveCfg = Debug|x64
		{CA5B520B-DB0D-4CFB-BA00-9487223BF2C7}.Debug|x64.Build.0 = Debug|x64
		{CA5B520B-DB0D-4CFB-BA00-9487223BF2C7}.Debug|x86.ActiveCfg = Debug|Win32
		{CA5B520B-DB0D-4CFB-BA00-9487223BF2C7}.Debug|x86.Build.0 = Debug|Win32
		{CA5B520B-DB0D-4CFB-BA00-9487223BF2C7}.Release|x64.ActiveCfg = Release|x64
		{CA5B520B-DB0D-4CFB-BA00-9487223BF2C7}.Release|x64.Build.0 = Release|x64
		{CA5B520B-DB0D-4CFB-BA00-9487223BF2C7}.Release|x86.ActiveCfg = Release|Win32
		{CA5B520B-DB0D-4CFB-BA00-9487223BF2C7}.Release|x86.Build.0 = Release|Win32
		{B7BDFD88-97E1-43FB-A985-8227ADEF1DD4}.Debug|x64.ActiveCfg = Debug|x64
		{B7BDFD88-97E1-43FB-A985-8227ADEF1DD4}.Debug|x64.Build.0 = Debug|x64
		{B7BDFD88-97E1-43FB-A985-8227ADEF1DD4}.Debug|x86.ActiveCfg = Debug|Win32
		{B7BDFD88-97E1-43FB-A985-8227ADEF1DD4}.Debug|x86.Build.0 = Debug|Win32
		{B7BDFD88-97E1-43FB-A985-8227ADEF1DD4}.Release|x64.ActiveCfg = Release|x64
		{B7BDFD88-97E1-43FB-A985-8227ADEF1DD4}.Release|x64.Build.0 = Release|x64
		{B7BDFD88-97E1-43FB-A985-8227ADEF1DD4}.Release|x86.ActiveCfg = Release|Win32
		{B7BDFD88-97E1-43FB-A985-8227ADEF1DD4}.Release|x86.Build.0 = Release|Win32
		{B562892F-3C1B-440E-9ABC-04D3078EE8B3}.Debug|x64.ActiveCfg = Debug|x64
		{B562892F-3C1B-440E-9ABC-04D3078EE8B3}.Debug|x64.Build.0 = Debug|x64
		{B562892F-3C1B-440E-9ABC-04D3078EE8B3}.Debug|x86.ActiveCfg = Debug|Win32
		{B562892F-3C1B-440E-9ABC-04D3078EE8B3}.Debug|x86.Build.0 = Debug|Win32
		{B562892F-3C1B-440E-9ABC-04D3078EE8B3}.Release|x64.ActiveCfg = Release|x64
		{B562892F-3C1B-440E-9ABC-04D3078EE8B3}.Release|x64.Build.0 = Release|x64
		{B562892F-3C1B-440E-9ABC-04D3078EE8B3}.Release|x86.ActiveCfg = Release|Win32
		{B562892F-3C1B-440E-9ABC-04D3078EE8B3}.Release|x86.Build.0 = Release|Win32
		{60EF12B2-E2BC-4B8A-9A85-A02DA10FF2C4}.Debug|x64.ActiveCfg = Debug|x64
		{60EF12B2-E2BC-4B8A-9A85-A02DA10FF2C4}.Debug|x64.Build.0 = Debug|x64
		{60EF12B2-E2BC-4B8A-9A85-A02DA10FF2C4}.Debug|x86.ActiveCfg = Debug|Win32
		{60EF12B2-E2BC-4B8A-9A85-A02DA10FF2C4}.Debug|x86.Build.0 = Debug|Win32
		{60EF12B2-E2BC-4B8A-9A85-A02DA10FF2C4}.Release|x64.ActiveCfg = Release|x64
		{60EF12B2-E2BC-4B8A-9A85-A02DA10FF2C4}.Release|x64.Build.0 = Release|x64
		{60EF12B2-E2BC-4B8A-9A85-A02DA10FF2C4}.Release|x86.ActiveCfg = Release|Win32
		{60EF12B2-E2BC-4B8A-9A85-A02DA10FF2C4}.Release|x86.Build.0 = Release|Win32
	EndGlobalSection
	GlobalSection(SolutionProperties) = preSolution
		HideSolutionNode = FALSE
	EndGlobalSection
	GlobalSection(ExtensibilityGlobals) = postSolution
		SolutionGuid = {51236680-410C-4F35-8813-898EE25D9060}
	EndGlobalSection
EndGlobal
